# THIS IS AN AUTOGENERATED FILE. DO NOT EDIT THIS FILE DIRECTLY.
# yarn lockfile v1


"@adraffy/ens-normalize@1.10.0":
  version "1.10.0"
  resolved "https://registry.yarnpkg.com/@adraffy/ens-normalize/-/ens-normalize-1.10.0.tgz#d2a39395c587e092d77cbbc80acf956a54f38bf7"
  integrity sha512-nA9XHtlAkYfJxY7bce8DcN7eKxWWCWkU+1GR9d+U6MbNpfwQp8TI7vqOsBsMcHoT4mBu2kypKoSKnghEzOOq5Q==

"@adraffy/ens-normalize@1.10.1":
  version "1.10.1"
  resolved "https://registry.yarnpkg.com/@adraffy/ens-normalize/-/ens-normalize-1.10.1.tgz#63430d04bd8c5e74f8d7d049338f1cd9d4f02069"
  integrity sha512-96Z2IP3mYmF1Xg2cDm8f1gWGf/HUVedQ3FMifV4kG/PQ4yEP51xDtRAEfhVNt5f/uzpNkZHwWQuUcu6D6K+Ekw==

"@arktype/util@0.0.29":
  version "0.0.29"
  resolved "https://registry.yarnpkg.com/@arktype/util/-/util-0.0.29.tgz#0201cbdd07f9620bf1eca19b515c7b75b26b0ae8"
  integrity sha512-fDTBSVzxLj9k1ZjinkawmaQdcXFKMBVK8c+vqMPxwoa94mPMZxBo84yQcqyFVcIcWIkg6qQQmH1ozyT4nqFT/g==

"@esbuild/android-arm64@0.17.19":
  version "0.17.19"
  resolved "https://registry.yarnpkg.com/@esbuild/android-arm64/-/android-arm64-0.17.19.tgz#bafb75234a5d3d1b690e7c2956a599345e84a2fd"
  integrity sha512-KBMWvEZooR7+kzY0BtbTQn0OAYY7CsiydT63pVEaPtVYF0hXbUaOyZog37DKxK7NF3XacBJOpYT4adIJh+avxA==

"@esbuild/android-arm@0.17.19":
  version "0.17.19"
  resolved "https://registry.yarnpkg.com/@esbuild/android-arm/-/android-arm-0.17.19.tgz#5898f7832c2298bc7d0ab53701c57beb74d78b4d"
  integrity sha512-rIKddzqhmav7MSmoFCmDIb6e2W57geRsM94gV2l38fzhXMwq7hZoClug9USI2pFRGL06f4IOPHHpFNOkWieR8A==

"@esbuild/android-x64@0.17.19":
  version "0.17.19"
  resolved "https://registry.yarnpkg.com/@esbuild/android-x64/-/android-x64-0.17.19.tgz#658368ef92067866d95fb268719f98f363d13ae1"
  integrity sha512-uUTTc4xGNDT7YSArp/zbtmbhO0uEEK9/ETW29Wk1thYUJBz3IVnvgEiEwEa9IeLyvnpKrWK64Utw2bgUmDveww==

"@esbuild/darwin-arm64@0.17.19":
  version "0.17.19"
  resolved "https://registry.yarnpkg.com/@esbuild/darwin-arm64/-/darwin-arm64-0.17.19.tgz#584c34c5991b95d4d48d333300b1a4e2ff7be276"
  integrity sha512-80wEoCfF/hFKM6WE1FyBHc9SfUblloAWx6FJkFWTWiCoht9Mc0ARGEM47e67W9rI09YoUxJL68WHfDRYEAvOhg==

"@esbuild/darwin-x64@0.17.19":
  version "0.17.19"
  resolved "https://registry.yarnpkg.com/@esbuild/darwin-x64/-/darwin-x64-0.17.19.tgz#7751d236dfe6ce136cce343dce69f52d76b7f6cb"
  integrity sha512-IJM4JJsLhRYr9xdtLytPLSH9k/oxR3boaUIYiHkAawtwNOXKE8KoU8tMvryogdcT8AU+Bflmh81Xn6Q0vTZbQw==

"@esbuild/freebsd-arm64@0.17.19":
  version "0.17.19"
  resolved "https://registry.yarnpkg.com/@esbuild/freebsd-arm64/-/freebsd-arm64-0.17.19.tgz#cacd171665dd1d500f45c167d50c6b7e539d5fd2"
  integrity sha512-pBwbc7DufluUeGdjSU5Si+P3SoMF5DQ/F/UmTSb8HXO80ZEAJmrykPyzo1IfNbAoaqw48YRpv8shwd1NoI0jcQ==

"@esbuild/freebsd-x64@0.17.19":
  version "0.17.19"
  resolved "https://registry.yarnpkg.com/@esbuild/freebsd-x64/-/freebsd-x64-0.17.19.tgz#0769456eee2a08b8d925d7c00b79e861cb3162e4"
  integrity sha512-4lu+n8Wk0XlajEhbEffdy2xy53dpR06SlzvhGByyg36qJw6Kpfk7cp45DR/62aPH9mtJRmIyrXAS5UWBrJT6TQ==

"@esbuild/linux-arm64@0.17.19":
  version "0.17.19"
  resolved "https://registry.yarnpkg.com/@esbuild/linux-arm64/-/linux-arm64-0.17.19.tgz#38e162ecb723862c6be1c27d6389f48960b68edb"
  integrity sha512-ct1Tg3WGwd3P+oZYqic+YZF4snNl2bsnMKRkb3ozHmnM0dGWuxcPTTntAF6bOP0Sp4x0PjSF+4uHQ1xvxfRKqg==

"@esbuild/linux-arm@0.17.19":
  version "0.17.19"
  resolved "https://registry.yarnpkg.com/@esbuild/linux-arm/-/linux-arm-0.17.19.tgz#1a2cd399c50040184a805174a6d89097d9d1559a"
  integrity sha512-cdmT3KxjlOQ/gZ2cjfrQOtmhG4HJs6hhvm3mWSRDPtZ/lP5oe8FWceS10JaSJC13GBd4eH/haHnqf7hhGNLerA==

"@esbuild/linux-ia32@0.17.19":
  version "0.17.19"
  resolved "https://registry.yarnpkg.com/@esbuild/linux-ia32/-/linux-ia32-0.17.19.tgz#e28c25266b036ce1cabca3c30155222841dc035a"
  integrity sha512-w4IRhSy1VbsNxHRQpeGCHEmibqdTUx61Vc38APcsRbuVgK0OPEnQ0YD39Brymn96mOx48Y2laBQGqgZ0j9w6SQ==

"@esbuild/linux-loong64@0.17.19":
  version "0.17.19"
  resolved "https://registry.yarnpkg.com/@esbuild/linux-loong64/-/linux-loong64-0.17.19.tgz#0f887b8bb3f90658d1a0117283e55dbd4c9dcf72"
  integrity sha512-2iAngUbBPMq439a+z//gE+9WBldoMp1s5GWsUSgqHLzLJ9WoZLZhpwWuym0u0u/4XmZ3gpHmzV84PonE+9IIdQ==

"@esbuild/linux-mips64el@0.17.19":
  version "0.17.19"
  resolved "https://registry.yarnpkg.com/@esbuild/linux-mips64el/-/linux-mips64el-0.17.19.tgz#f5d2a0b8047ea9a5d9f592a178ea054053a70289"
  integrity sha512-LKJltc4LVdMKHsrFe4MGNPp0hqDFA1Wpt3jE1gEyM3nKUvOiO//9PheZZHfYRfYl6AwdTH4aTcXSqBerX0ml4A==

"@esbuild/linux-ppc64@0.17.19":
  version "0.17.19"
  resolved "https://registry.yarnpkg.com/@esbuild/linux-ppc64/-/linux-ppc64-0.17.19.tgz#876590e3acbd9fa7f57a2c7d86f83717dbbac8c7"
  integrity sha512-/c/DGybs95WXNS8y3Ti/ytqETiW7EU44MEKuCAcpPto3YjQbyK3IQVKfF6nbghD7EcLUGl0NbiL5Rt5DMhn5tg==

"@esbuild/linux-riscv64@0.17.19":
  version "0.17.19"
  resolved "https://registry.yarnpkg.com/@esbuild/linux-riscv64/-/linux-riscv64-0.17.19.tgz#7f49373df463cd9f41dc34f9b2262d771688bf09"
  integrity sha512-FC3nUAWhvFoutlhAkgHf8f5HwFWUL6bYdvLc/TTuxKlvLi3+pPzdZiFKSWz/PF30TB1K19SuCxDTI5KcqASJqA==

"@esbuild/linux-s390x@0.17.19":
  version "0.17.19"
  resolved "https://registry.yarnpkg.com/@esbuild/linux-s390x/-/linux-s390x-0.17.19.tgz#e2afd1afcaf63afe2c7d9ceacd28ec57c77f8829"
  integrity sha512-IbFsFbxMWLuKEbH+7sTkKzL6NJmG2vRyy6K7JJo55w+8xDk7RElYn6xvXtDW8HCfoKBFK69f3pgBJSUSQPr+4Q==

"@esbuild/linux-x64@0.17.19":
  version "0.17.19"
  resolved "https://registry.yarnpkg.com/@esbuild/linux-x64/-/linux-x64-0.17.19.tgz#8a0e9738b1635f0c53389e515ae83826dec22aa4"
  integrity sha512-68ngA9lg2H6zkZcyp22tsVt38mlhWde8l3eJLWkyLrp4HwMUr3c1s/M2t7+kHIhvMjglIBrFpncX1SzMckomGw==

"@esbuild/netbsd-x64@0.17.19":
  version "0.17.19"
  resolved "https://registry.yarnpkg.com/@esbuild/netbsd-x64/-/netbsd-x64-0.17.19.tgz#c29fb2453c6b7ddef9a35e2c18b37bda1ae5c462"
  integrity sha512-CwFq42rXCR8TYIjIfpXCbRX0rp1jo6cPIUPSaWwzbVI4aOfX96OXY8M6KNmtPcg7QjYeDmN+DD0Wp3LaBOLf4Q==

"@esbuild/openbsd-x64@0.17.19":
  version "0.17.19"
  resolved "https://registry.yarnpkg.com/@esbuild/openbsd-x64/-/openbsd-x64-0.17.19.tgz#95e75a391403cb10297280d524d66ce04c920691"
  integrity sha512-cnq5brJYrSZ2CF6c35eCmviIN3k3RczmHz8eYaVlNasVqsNY+JKohZU5MKmaOI+KkllCdzOKKdPs762VCPC20g==

"@esbuild/sunos-x64@0.17.19":
  version "0.17.19"
  resolved "https://registry.yarnpkg.com/@esbuild/sunos-x64/-/sunos-x64-0.17.19.tgz#722eaf057b83c2575937d3ffe5aeb16540da7273"
  integrity sha512-vCRT7yP3zX+bKWFeP/zdS6SqdWB8OIpaRq/mbXQxTGHnIxspRtigpkUcDMlSCOejlHowLqII7K2JKevwyRP2rg==

"@esbuild/win32-arm64@0.17.19":
  version "0.17.19"
  resolved "https://registry.yarnpkg.com/@esbuild/win32-arm64/-/win32-arm64-0.17.19.tgz#9aa9dc074399288bdcdd283443e9aeb6b9552b6f"
  integrity sha512-yYx+8jwowUstVdorcMdNlzklLYhPxjniHWFKgRqH7IFlUEa0Umu3KuYplf1HUZZ422e3NU9F4LGb+4O0Kdcaag==

"@esbuild/win32-ia32@0.17.19":
  version "0.17.19"
  resolved "https://registry.yarnpkg.com/@esbuild/win32-ia32/-/win32-ia32-0.17.19.tgz#95ad43c62ad62485e210f6299c7b2571e48d2b03"
  integrity sha512-eggDKanJszUtCdlVs0RB+h35wNlb5v4TWEkq4vZcmVt5u/HiDZrTXe2bWFQUez3RgNHwx/x4sk5++4NSSicKkw==

"@esbuild/win32-x64@0.17.19":
  version "0.17.19"
  resolved "https://registry.yarnpkg.com/@esbuild/win32-x64/-/win32-x64-0.17.19.tgz#8cfaf2ff603e9aabb910e9c0558c26cf32744061"
  integrity sha512-lAhycmKnVOuRYNtRtatQR1LPQf2oYCkRGkSFnseDAKPl8lu5SOsK/e1sXe5a0Pc5kHIHe6P2I/ilntNv2xf3cA==

"@latticexyz/block-logs-stream@2.0.7":
  version "2.0.7"
  resolved "https://registry.yarnpkg.com/@latticexyz/block-logs-stream/-/block-logs-stream-2.0.7.tgz#77d51e0bf3748bdf1a981a330429cb97a9828f1d"
  integrity sha512-aqNLbuHcK3hwcvtV2NkY9/RzGcTDW3Sk/5HuEhkJ+xO1hMdmiwNTtUEnUJICsBIAJbq43zOin1bfUbR7N57VmQ==
  dependencies:
    "@latticexyz/common" "2.0.7"
    abitype "1.0.0"
    debug "^4.3.4"
    rxjs "7.5.5"
    viem "2.9.20"

"@latticexyz/common@2.0.7", "@latticexyz/common@^2.0.7":
  version "2.0.7"
  resolved "https://registry.yarnpkg.com/@latticexyz/common/-/common-2.0.7.tgz#0e53ff68e66d84969630da974c31c763eb490637"
  integrity sha512-f/Hdt010X0JUHC1nuoXxXQEVKIjmhAqYW6DgZu3XpVLzHNijY9OxrOGbvpaNbIVBDdobdnt5b+Wx+t910z+mtA==
  dependencies:
    "@latticexyz/schema-type" "2.0.7"
    "@solidity-parser/parser" "^0.16.0"
    debug "^4.3.4"
    execa "^7.0.0"
    p-queue "^7.4.1"
    p-retry "^5.1.2"
    prettier "3.2.5"
    prettier-plugin-solidity "1.3.1"
    viem "2.9.20"

"@latticexyz/config@2.0.7":
  version "2.0.7"
  resolved "https://registry.yarnpkg.com/@latticexyz/config/-/config-2.0.7.tgz#48a16eb39752329397b668b91279343a8407042d"
  integrity sha512-m++YK3aCbLK5Ma2WI6uaqcsYUfdnRvr2b8bRuL4nCPKfwIEWxrC3KOR8723uSpk0/SKouiKipw0Ismok6Htp/w==
  dependencies:
    "@latticexyz/common" "2.0.7"
    "@latticexyz/schema-type" "2.0.7"
    esbuild "^0.17.15"
    find-up "^6.3.0"
    viem "2.9.20"
    zod "^3.21.4"
    zod-validation-error "^1.3.0"

"@latticexyz/protocol-parser@2.0.7", "@latticexyz/protocol-parser@^2.0.7":
  version "2.0.7"
  resolved "https://registry.yarnpkg.com/@latticexyz/protocol-parser/-/protocol-parser-2.0.7.tgz#a9198777e3e07e2c9e9a027c960c0a5448127d56"
  integrity sha512-RoMJmm7HTEhcS4imnUGndldbCCX7mrIMBJRa+woMhic9DCgonYDz27BF1g0gm5188r9A4ilctdWAFymvE0tJ3Q==
  dependencies:
    "@latticexyz/common" "2.0.7"
    "@latticexyz/config" "2.0.7"
    "@latticexyz/schema-type" "2.0.7"
    abitype "1.0.0"
    viem "2.9.20"

"@latticexyz/query@2.0.7":
  version "2.0.7"
  resolved "https://registry.yarnpkg.com/@latticexyz/query/-/query-2.0.7.tgz#c72efa3c146b7cceedd1b0e40a7d47f0c844ae08"
  integrity sha512-qfOdPQ8geG5tpF7b4kuKX1BO9YkUmUZvxKvZ0Dfu6MsV96SvhQ65caSv680ouliiArSyiWnNZZ8HKlg6bQy0Cg==
  dependencies:
    "@latticexyz/common" "2.0.7"
    "@latticexyz/config" "2.0.7"
    "@latticexyz/schema-type" "2.0.7"
    "@latticexyz/store" "2.0.7"
    viem "2.9.20"

"@latticexyz/recs@2.0.7":
  version "2.0.7"
  resolved "https://registry.yarnpkg.com/@latticexyz/recs/-/recs-2.0.7.tgz#64caaaae90f2eac2ea4e0a05c1f56e41da6a79e0"
  integrity sha512-W4eIV6d3fComQ2gT6sp2rQ4TmYB484R436dZQ7IF0hXDbg5Eho04cPLu/g/RmnBHheMwD0I4h864BzypT70w4Q==
  dependencies:
    "@latticexyz/schema-type" "2.0.7"
    "@latticexyz/utils" "2.0.7"
    mobx "^6.7.0"
    rxjs "7.5.5"

"@latticexyz/schema-type@2.0.7", "@latticexyz/schema-type@^2.0.7":
  version "2.0.7"
  resolved "https://registry.yarnpkg.com/@latticexyz/schema-type/-/schema-type-2.0.7.tgz#6cefdf25cc8fbeac1885ad8abe230adac5e27930"
  integrity sha512-mVBeKrWZU27TugzuVYZcbkUyAfZgZ0MMUsukpnkn/PUd3vfYUOKB5JQ0bWwHDuRGPNmeGb7gSo72S55gRSVzeQ==
  dependencies:
    abitype "1.0.0"
    viem "2.9.20"

"@latticexyz/store-sync@^2.0.7":
  version "2.0.7"
  resolved "https://registry.yarnpkg.com/@latticexyz/store-sync/-/store-sync-2.0.7.tgz#5615b2feabfec4d656fa88f2aa78a96c9e30efc7"
  integrity sha512-V9mKIjzxoH4aDRiwYpTE2HAnv/PPmDDAFBDr282wh4hww8cCztI5h5FOK2HygNRHJfS9hDLqV6isN59la5zLPA==
  dependencies:
    "@latticexyz/block-logs-stream" "2.0.7"
    "@latticexyz/common" "2.0.7"
    "@latticexyz/config" "2.0.7"
    "@latticexyz/protocol-parser" "2.0.7"
    "@latticexyz/query" "2.0.7"
    "@latticexyz/recs" "2.0.7"
    "@latticexyz/schema-type" "2.0.7"
    "@latticexyz/store" "2.0.7"
    "@latticexyz/world" "2.0.7"
    "@trpc/client" "10.34.0"
    "@trpc/server" "10.34.0"
    change-case "^5.2.0"
    debug "^4.3.4"
    drizzle-orm "^0.28.5"
    fast-deep-equal "^3.1.3"
    kysely "^0.26.3"
    postgres "^3.3.5"
    rxjs "7.5.5"
    sql.js "^1.8.0"
    superjson "^1.12.4"
    viem "2.9.20"
    zod "^3.21.4"
    zustand "^4.3.7"

"@latticexyz/store@2.0.7":
  version "2.0.7"
  resolved "https://registry.yarnpkg.com/@latticexyz/store/-/store-2.0.7.tgz#e4810b49bdf192b31f4108fd51f8936d16bacd50"
  integrity sha512-SPZfWrpu3M5fZ2oRi6e3iG856eHkiBzJnH2oqLaq6VZVY03cjSZpsEuMW8ssfuZMkZSFZ/BVe81VVN93JV+QfA==
  dependencies:
    "@arktype/util" "0.0.29"
    "@latticexyz/common" "2.0.7"
    "@latticexyz/config" "2.0.7"
    "@latticexyz/protocol-parser" "2.0.7"
    "@latticexyz/schema-type" "2.0.7"
    abitype "1.0.0"
    arktype "1.0.29-alpha"
    viem "2.9.20"
    zod "^3.21.4"

"@latticexyz/utils@2.0.7":
  version "2.0.7"
  resolved "https://registry.yarnpkg.com/@latticexyz/utils/-/utils-2.0.7.tgz#fc6f1c1889fc8933514c1b1d6e22c71049070cf1"
  integrity sha512-jG5D4HVroXyRu/X4CzWEr80ZZrGqBTAxYAwQAc5THOCin47ExIelvfZ6U2EYCQKAJ/op3Ug4/NtfiGV12LUxBA==
  dependencies:
    mobx "^6.7.0"
    proxy-deep "^3.1.1"
    rxjs "7.5.5"

"@latticexyz/world@2.0.7", "@latticexyz/world@^2.0.7":
  version "2.0.7"
  resolved "https://registry.yarnpkg.com/@latticexyz/world/-/world-2.0.7.tgz#498bbeb7c178aed3b446783d831b8ef475e50620"
  integrity sha512-fc9Q0hwPOtmwPkXUhP7qmpjmXloxOyW01DZRyHIr06mf9EVqgYYLKyQSPq9yCjfDFKEUEqZDSpOyQfYS6VUGRQ==
  dependencies:
    "@arktype/util" "0.0.29"
    "@latticexyz/common" "2.0.7"
    "@latticexyz/config" "2.0.7"
    "@latticexyz/protocol-parser" "2.0.7"
    "@latticexyz/schema-type" "2.0.7"
    "@latticexyz/store" "2.0.7"
    abitype "1.0.0"
    arktype "1.0.29-alpha"
    viem "2.9.20"
    zod "^3.21.4"

"@noble/curves@1.2.0", "@noble/curves@~1.2.0":
  version "1.2.0"
  resolved "https://registry.yarnpkg.com/@noble/curves/-/curves-1.2.0.tgz#92d7e12e4e49b23105a2555c6984d41733d65c35"
  integrity sha512-oYclrNgRaM9SsBUBVbb8M6DTV7ZHRTKugureoYEncY5c65HOmRzvSiTE3y5CYaPYJA/GVkrhXEoF0M3Ya9PMnw==
  dependencies:
    "@noble/hashes" "1.3.2"

"@noble/hashes@1.3.2":
  version "1.3.2"
  resolved "https://registry.yarnpkg.com/@noble/hashes/-/hashes-1.3.2.tgz#6f26dbc8fbc7205873ce3cee2f690eba0d421b39"
  integrity sha512-MVC8EAQp7MvEcm30KWENFjgR+Mkmf+D189XJTkFIlwohU5hcBbn1ZkKq7KVTi2Hme3PMGF390DaL52beVrIihQ==

"@noble/hashes@~1.3.0", "@noble/hashes@~1.3.2":
  version "1.3.3"
  resolved "https://registry.yarnpkg.com/@noble/hashes/-/hashes-1.3.3.tgz#39908da56a4adc270147bb07968bf3b16cfe1699"
  integrity sha512-V7/fPHgl+jsVPXqqeOzT8egNj2iBIVt+ECeMMG8TdcnTikP3oaBtUVqpT/gYCR68aEBJSF+XbYUxStjbFMqIIA==

"@scure/base@~1.1.0", "@scure/base@~1.1.2":
  version "1.1.6"
  resolved "https://registry.yarnpkg.com/@scure/base/-/base-1.1.6.tgz#8ce5d304b436e4c84f896e0550c83e4d88cb917d"
  integrity sha512-ok9AWwhcgYuGG3Zfhyqg+zwl+Wn5uE+dwC0NV/2qQkx4dABbb/bx96vWu8NSj+BNjjSjno+JRYRjle1jV08k3g==

"@scure/bip32@1.3.2":
  version "1.3.2"
  resolved "https://registry.yarnpkg.com/@scure/bip32/-/bip32-1.3.2.tgz#90e78c027d5e30f0b22c1f8d50ff12f3fb7559f8"
  integrity sha512-N1ZhksgwD3OBlwTv3R6KFEcPojl/W4ElJOeCZdi+vuI5QmTFwLq3OFf2zd2ROpKvxFdgZ6hUpb0dx9bVNEwYCA==
  dependencies:
    "@noble/curves" "~1.2.0"
    "@noble/hashes" "~1.3.2"
    "@scure/base" "~1.1.2"

"@scure/bip39@1.2.1":
  version "1.2.1"
  resolved "https://registry.yarnpkg.com/@scure/bip39/-/bip39-1.2.1.tgz#5cee8978656b272a917b7871c981e0541ad6ac2a"
  integrity sha512-Z3/Fsz1yr904dduJD0NpiyRHhRYHdcnyh73FZWiV+/qhWi83wNJ3NWolYqCEN+ZWsUz2TWwajJggcRE9r1zUYg==
  dependencies:
    "@noble/hashes" "~1.3.0"
    "@scure/base" "~1.1.0"

"@solidity-parser/parser@^0.16.0":
  version "0.16.2"
  resolved "https://registry.yarnpkg.com/@solidity-parser/parser/-/parser-0.16.2.tgz#42cb1e3d88b3e8029b0c9befff00b634cd92d2fa"
  integrity sha512-PI9NfoA3P8XK2VBkK5oIfRgKDsicwDZfkVq9ZTBCQYGOP1N2owgY2dyLGyU5/J/hQs8KRk55kdmvTLjy3Mu3vg==
  dependencies:
    antlr4ts "^0.5.0-alpha.4"

"@solidity-parser/parser@^0.17.0":
  version "0.17.0"
  resolved "https://registry.yarnpkg.com/@solidity-parser/parser/-/parser-0.17.0.tgz#52a2fcc97ff609f72011014e4c5b485ec52243ef"
  integrity sha512-Nko8R0/kUo391jsEHHxrGM07QFdnPGvlmox4rmH0kNiNAashItAilhy4Mv4pK5gQmW5f4sXAF58fwJbmlkGcVw==

"@trpc/client@10.34.0":
  version "10.34.0"
  resolved "https://registry.yarnpkg.com/@trpc/client/-/client-10.34.0.tgz#cd9bc5ec4801dde24bb343408c7fe203595db538"
  integrity sha512-nqtDTIqSY/9syo2EjSy4WWWXPU9GsamEh9Tsg698gLAh1nhgFc5+/YYeb+Ne1pbvWGZ5/3t9Dcz3h4wMyyJ9gQ==

"@trpc/server@10.34.0":
  version "10.34.0"
  resolved "https://registry.yarnpkg.com/@trpc/server/-/server-10.34.0.tgz#0c56ca4a72f41bfc558b07a2db70d54b77077f8f"
  integrity sha512-2VMW44Fpaoyqb50dBtzdSWMhqt8lmoJiocEyBBeDb03R0W+XrzbVD5kU/wqKPlcp1DWeNCkOEIMtetMZCfo1hA==

"@types/node@18.15.13":
  version "18.15.13"
  resolved "https://registry.yarnpkg.com/@types/node/-/node-18.15.13.tgz#f64277c341150c979e42b00e4ac289290c9df469"
  integrity sha512-N+0kuo9KgrUQ1Sn/ifDXsvg0TTleP7rIy4zOBGECxAljqvqfqpTfzx0Q1NUedOixRMBfe2Whhb056a42cWs26Q==

"@types/node@^20.12.8":
  version "20.12.11"
  resolved "https://registry.yarnpkg.com/@types/node/-/node-20.12.11.tgz#c4ef00d3507000d17690643278a60dc55a9dc9be"
  integrity sha512-vDg9PZ/zi+Nqp6boSOT7plNuthRugEKixDv5sFTIpkE89MmNtEArAShI4mxuX2+UrLEe9pxC1vm2cjm9YlWbJw==
  dependencies:
    undici-types "~5.26.4"

"@types/retry@0.12.1":
  version "0.12.1"
  resolved "https://registry.yarnpkg.com/@types/retry/-/retry-0.12.1.tgz#d8f1c0d0dc23afad6dc16a9e993a0865774b4065"
  integrity sha512-xoDlM2S4ortawSWORYqsdU+2rxdh4LRW9ytc3zmT37RIKQh6IHyKwwtKhKis9ah8ol07DCkZxPt8BBvPjC6v4g==

abitype@1.0.0:
  version "1.0.0"
  resolved "https://registry.yarnpkg.com/abitype/-/abitype-1.0.0.tgz#237176dace81d90d018bebf3a45cb42f2a2d9e97"
  integrity sha512-NMeMah//6bJ56H5XRj8QCV4AwuW6hB6zqz2LnhhLdcWVQOsXki6/Pn3APeqxCma62nXIcmZWdu1DlHWS74umVQ==

aes-js@4.0.0-beta.5:
  version "4.0.0-beta.5"
  resolved "https://registry.yarnpkg.com/aes-js/-/aes-js-4.0.0-beta.5.tgz#8d2452c52adedebc3a3e28465d858c11ca315873"
  integrity sha512-G965FqalsNyrPqgEGON7nIx1e/OVENSgiEIzyC63haUMuvNnwIgIjMs52hlTCKhkBny7A2ORNlfY9Zu+jmGk1Q==

antlr4ts@^0.5.0-alpha.4:
  version "0.5.0-alpha.4"
  resolved "https://registry.yarnpkg.com/antlr4ts/-/antlr4ts-0.5.0-alpha.4.tgz#71702865a87478ed0b40c0709f422cf14d51652a"
  integrity sha512-WPQDt1B74OfPv/IMS2ekXAKkTZIHl88uMetg6q3OTqgFxZ/dxDXI0EWLyZid/1Pe6hTftyg5N7gel5wNAGxXyQ==

arktype@1.0.29-alpha:
  version "1.0.29-alpha"
  resolved "https://registry.yarnpkg.com/arktype/-/arktype-1.0.29-alpha.tgz#9180d36aba64bd84c1834ac1d97aa75e28d65c28"
  integrity sha512-glMLgVhIQRSkR3tymiS+POAcWVJH09sfrgic0jHnyFL8BlhHAJZX2BzdImU9zYr1y9NBqy+U93ZNrRTHXsKRDw==

change-case@^5.2.0:
  version "5.4.4"
  resolved "https://registry.yarnpkg.com/change-case/-/change-case-5.4.4.tgz#0d52b507d8fb8f204343432381d1a6d7bff97a02"
  integrity sha512-HRQyTk2/YPEkt9TnUPbOpr64Uw3KOicFWPVBb+xiHvd6eBx/qPr9xqfBFDT8P2vWsvvz4jbEkfDe71W3VyNu2w==

copy-anything@^3.0.2:
  version "3.0.5"
  resolved "https://registry.yarnpkg.com/copy-anything/-/copy-anything-3.0.5.tgz#2d92dce8c498f790fa7ad16b01a1ae5a45b020a0"
  integrity sha512-yCEafptTtb4bk7GLEQoM8KVJpxAfdBJYaXyzQEgQQQgYrZiDp8SJmGKlYza6CYjEDNstAdNdKA3UuoULlEbS6w==
  dependencies:
    is-what "^4.1.8"

cross-spawn@^7.0.3:
  version "7.0.3"
  resolved "https://registry.yarnpkg.com/cross-spawn/-/cross-spawn-7.0.3.tgz#f73a85b9d5d41d045551c177e2882d4ac85728a6"
  integrity sha512-iRDPJKUPVEND7dHPO8rkbOnPpyDygcDFtWjpeWNCgy8WP2rXcxXL8TskReQl6OrB2G7+UJrags1q15Fudc7G6w==
  dependencies:
    path-key "^3.1.0"
    shebang-command "^2.0.0"
    which "^2.0.1"

debug@^4.3.4:
  version "4.3.4"
  resolved "https://registry.yarnpkg.com/debug/-/debug-4.3.4.tgz#1319f6579357f2338d3337d2cdd4914bb5dcc865"
  integrity sha512-PRWFHuSU3eDtQJPvnNY7Jcket1j0t5OuOsFzPPzsekD52Zl8qUfFIPEiswXqIvHWGVHOgX+7G/vCNNhehwxfkQ==
  dependencies:
    ms "2.1.2"

drizzle-orm@^0.28.5:
  version "0.28.6"
  resolved "https://registry.yarnpkg.com/drizzle-orm/-/drizzle-orm-0.28.6.tgz#9c28ace432e826e3c21ea923530df0d1e76810be"
  integrity sha512-yBe+F9htrlYER7uXgDJUQsTHFoIrI5yMm5A0bg0GiZ/kY5jNXTWoEy4KQtg35cE27sw1VbgzoMWHAgCckUUUww==

esbuild@^0.17.15:
  version "0.17.19"
  resolved "https://registry.yarnpkg.com/esbuild/-/esbuild-0.17.19.tgz#087a727e98299f0462a3d0bcdd9cd7ff100bd955"
  integrity sha512-XQ0jAPFkK/u3LcVRcvVHQcTIqD6E2H1fvZMA5dQPSOWb3suUbWbfbRf94pjc0bNzRYLfIrDRQXr7X+LHIm5oHw==
  optionalDependencies:
    "@esbuild/android-arm" "0.17.19"
    "@esbuild/android-arm64" "0.17.19"
    "@esbuild/android-x64" "0.17.19"
    "@esbuild/darwin-arm64" "0.17.19"
    "@esbuild/darwin-x64" "0.17.19"
    "@esbuild/freebsd-arm64" "0.17.19"
    "@esbuild/freebsd-x64" "0.17.19"
    "@esbuild/linux-arm" "0.17.19"
    "@esbuild/linux-arm64" "0.17.19"
    "@esbuild/linux-ia32" "0.17.19"
    "@esbuild/linux-loong64" "0.17.19"
    "@esbuild/linux-mips64el" "0.17.19"
    "@esbuild/linux-ppc64" "0.17.19"
    "@esbuild/linux-riscv64" "0.17.19"
    "@esbuild/linux-s390x" "0.17.19"
    "@esbuild/linux-x64" "0.17.19"
    "@esbuild/netbsd-x64" "0.17.19"
    "@esbuild/openbsd-x64" "0.17.19"
    "@esbuild/sunos-x64" "0.17.19"
    "@esbuild/win32-arm64" "0.17.19"
    "@esbuild/win32-ia32" "0.17.19"
    "@esbuild/win32-x64" "0.17.19"

ethers@^6.12.1:
  version "6.12.1"
  resolved "https://registry.yarnpkg.com/ethers/-/ethers-6.12.1.tgz#517ff6d66d4fd5433e38e903051da3e57c87ff37"
  integrity sha512-j6wcVoZf06nqEcBbDWkKg8Fp895SS96dSnTCjiXT+8vt2o02raTn4Lo9ERUuIVU5bAjoPYeA+7ytQFexFmLuVw==
  dependencies:
    "@adraffy/ens-normalize" "1.10.1"
    "@noble/curves" "1.2.0"
    "@noble/hashes" "1.3.2"
    "@types/node" "18.15.13"
    aes-js "4.0.0-beta.5"
    tslib "2.4.0"
    ws "8.5.0"

eventemitter3@^5.0.1:
  version "5.0.1"
  resolved "https://registry.yarnpkg.com/eventemitter3/-/eventemitter3-5.0.1.tgz#53f5ffd0a492ac800721bb42c66b841de96423c4"
  integrity sha512-GWkBvjiSZK87ELrYOSESUYeVIc9mvLLf/nXalMOS5dYrgZq9o5OVkbZAVM06CVxYsCwH9BDZFPlQTlPA1j4ahA==

execa@^7.0.0:
  version "7.2.0"
  resolved "https://registry.yarnpkg.com/execa/-/execa-7.2.0.tgz#657e75ba984f42a70f38928cedc87d6f2d4fe4e9"
  integrity sha512-UduyVP7TLB5IcAQl+OzLyLcS/l32W/GLg+AhHJ+ow40FOk2U3SAllPwR44v4vmdFwIWqpdwxxpQbF1n5ta9seA==
  dependencies:
    cross-spawn "^7.0.3"
    get-stream "^6.0.1"
    human-signals "^4.3.0"
    is-stream "^3.0.0"
    merge-stream "^2.0.0"
    npm-run-path "^5.1.0"
    onetime "^6.0.0"
    signal-exit "^3.0.7"
    strip-final-newline "^3.0.0"

fast-deep-equal@^3.1.3:
  version "3.1.3"
  resolved "https://registry.yarnpkg.com/fast-deep-equal/-/fast-deep-equal-3.1.3.tgz#3a7d56b559d6cbc3eb512325244e619a65c6c525"
  integrity sha512-f3qQ9oQy9j2AhBe/H9VC91wLmKBCCU/gDOnKNAYG5hswO7BLKj09Hc5HYNz9cGI++xlpDCIgDaitVs03ATR84Q==

find-up@^6.3.0:
  version "6.3.0"
  resolved "https://registry.yarnpkg.com/find-up/-/find-up-6.3.0.tgz#2abab3d3280b2dc7ac10199ef324c4e002c8c790"
  integrity sha512-v2ZsoEuVHYy8ZIlYqwPe/39Cy+cFDzp4dXPaxNvkEuouymu+2Jbz0PxpKarJHYJTmv2HWT3O382qY8l4jMWthw==
  dependencies:
    locate-path "^7.1.0"
    path-exists "^5.0.0"

get-stream@^6.0.1:
  version "6.0.1"
  resolved "https://registry.yarnpkg.com/get-stream/-/get-stream-6.0.1.tgz#a262d8eef67aced57c2852ad6167526a43cbf7b7"
  integrity sha512-ts6Wi+2j3jQjqi70w5AlN8DFnkSwC+MqmxEzdEALB2qXZYV3X/b1CTfgPLGJNMeAWxdPfU8FO1ms3NUfaHCPYg==

human-signals@^4.3.0:
  version "4.3.1"
  resolved "https://registry.yarnpkg.com/human-signals/-/human-signals-4.3.1.tgz#ab7f811e851fca97ffbd2c1fe9a958964de321b2"
  integrity sha512-nZXjEF2nbo7lIw3mgYjItAfgQXog3OjJogSbKa2CQIIvSGWcKgeJnQlNXip6NglNzYH45nSRiEVimMvYL8DDqQ==

is-stream@^3.0.0:
  version "3.0.0"
  resolved "https://registry.yarnpkg.com/is-stream/-/is-stream-3.0.0.tgz#e6bfd7aa6bef69f4f472ce9bb681e3e57b4319ac"
  integrity sha512-LnQR4bZ9IADDRSkvpqMGvt/tEJWclzklNgSw48V5EAaAeDd6qGvN8ei6k5p0tvxSR171VmGyHuTiAOfxAbr8kA==

is-what@^4.1.8:
  version "4.1.16"
  resolved "https://registry.yarnpkg.com/is-what/-/is-what-4.1.16.tgz#1ad860a19da8b4895ad5495da3182ce2acdd7a6f"
  integrity sha512-ZhMwEosbFJkA0YhFnNDgTM4ZxDRsS6HqTo7qsZM08fehyRYIYa0yHu5R6mgo1n/8MgaPBXiPimPD77baVFYg+A==

isexe@^2.0.0:
  version "2.0.0"
  resolved "https://registry.yarnpkg.com/isexe/-/isexe-2.0.0.tgz#e8fbf374dc556ff8947a10dcb0572d633f2cfa10"
  integrity sha512-RHxMLp9lnKHGHRng9QFhRCMbYAcVpn69smSGcq3f36xjgVVWThj4qqLbTLlq7Ssj8B+fIQ1EuCEGI2lKsyQeIw==

isows@1.0.3:
  version "1.0.3"
  resolved "https://registry.yarnpkg.com/isows/-/isows-1.0.3.tgz#93c1cf0575daf56e7120bab5c8c448b0809d0d74"
  integrity sha512-2cKei4vlmg2cxEjm3wVSqn8pcoRF/LX/wpifuuNquFO4SQmPwarClT+SUCA2lt+l581tTeZIPIZuIDo2jWN1fg==

itty-router@^5.0.17:
  version "5.0.17"
  resolved "https://registry.yarnpkg.com/itty-router/-/itty-router-5.0.17.tgz#e5a015756bfc420ea20f09da80935a7feb8c4ef8"
  integrity sha512-ZHnPI0OOyTTLuNp2FdciejYaK4Wl3ZV3O0yEm8njOGggh/k/ek3BL7X2I5YsCOfc5vLhIJgj3Z4pUtLs6k9Ucg==

kysely@^0.26.3:
  version "0.26.3"
  resolved "https://registry.yarnpkg.com/kysely/-/kysely-0.26.3.tgz#45fdd0153d8c9418b0ea9a6f05ed46b95ed27678"
  integrity sha512-yWSgGi9bY13b/W06DD2OCDDHQmq1kwTGYlQ4wpZkMOJqMGCstVCFIvxCCVG4KfY1/3G0MhDAcZsip/Lw8/vJWw==

locate-path@^7.1.0:
  version "7.2.0"
  resolved "https://registry.yarnpkg.com/locate-path/-/locate-path-7.2.0.tgz#69cb1779bd90b35ab1e771e1f2f89a202c2a8a8a"
  integrity sha512-gvVijfZvn7R+2qyPX8mAuKcFGDf6Nc61GdvGafQsHL0sBIxfKzA+usWn4GFC/bk+QdwPUD4kWFJLhElipq+0VA==
  dependencies:
    p-locate "^6.0.0"

merge-stream@^2.0.0:
  version "2.0.0"
  resolved "https://registry.yarnpkg.com/merge-stream/-/merge-stream-2.0.0.tgz#52823629a14dd00c9770fb6ad47dc6310f2c1f60"
  integrity sha512-abv/qOcuPfk3URPfDzmZU1LKmuw8kT+0nIHvKrKgFrwifol/doWcdA4ZqsWQ8ENrFKkd67Mfpo/LovbIUsbt3w==

mimic-fn@^4.0.0:
  version "4.0.0"
  resolved "https://registry.yarnpkg.com/mimic-fn/-/mimic-fn-4.0.0.tgz#60a90550d5cb0b239cca65d893b1a53b29871ecc"
  integrity sha512-vqiC06CuhBTUdZH+RYl8sFrL096vA45Ok5ISO6sE/Mr1jRbGH4Csnhi8f3wKVl7x8mO4Au7Ir9D3Oyv1VYMFJw==

mobx@^6.7.0:
  version "6.12.3"
  resolved "https://registry.yarnpkg.com/mobx/-/mobx-6.12.3.tgz#b6a0fde4268116be602d50bffb32f1b90a8fb077"
  integrity sha512-c8NKkO4R2lShkSXZ2Ongj1ycjugjzFFo/UswHBnS62y07DMcTc9Rvo03/3nRyszIvwPNljlkd4S828zIBv/piw==

ms@2.1.2:
  version "2.1.2"
  resolved "https://registry.yarnpkg.com/ms/-/ms-2.1.2.tgz#d09d1f357b443f493382a8eb3ccd183872ae6009"
  integrity sha512-sGkPx+VjMtmA6MX27oA4FBFELFCZZ4S4XqeGOXCv68tT+jb3vk/RyaKWP0PTKyWtmLSM0b+adUTEvbs1PEaH2w==

npm-run-path@^5.1.0:
  version "5.3.0"
  resolved "https://registry.yarnpkg.com/npm-run-path/-/npm-run-path-5.3.0.tgz#e23353d0ebb9317f174e93417e4a4d82d0249e9f"
  integrity sha512-ppwTtiJZq0O/ai0z7yfudtBpWIoxM8yE6nHi1X47eFR2EWORqfbu6CnPlNsjeN683eT0qG6H/Pyf9fCcvjnnnQ==
  dependencies:
    path-key "^4.0.0"

onetime@^6.0.0:
  version "6.0.0"
  resolved "https://registry.yarnpkg.com/onetime/-/onetime-6.0.0.tgz#7c24c18ed1fd2e9bca4bd26806a33613c77d34b4"
  integrity sha512-1FlR+gjXK7X+AsAHso35MnyN5KqGwJRi/31ft6x0M194ht7S+rWAvd7PHss9xSKMzE0asv1pyIHaJYq+BbacAQ==
  dependencies:
    mimic-fn "^4.0.0"

p-limit@^4.0.0:
  version "4.0.0"
  resolved "https://registry.yarnpkg.com/p-limit/-/p-limit-4.0.0.tgz#914af6544ed32bfa54670b061cafcbd04984b644"
  integrity sha512-5b0R4txpzjPWVw/cXXUResoD4hb6U/x9BH08L7nw+GN1sezDzPdxeRvpc9c433fZhBan/wusjbCsqwqm4EIBIQ==
  dependencies:
    yocto-queue "^1.0.0"

p-locate@^6.0.0:
  version "6.0.0"
  resolved "https://registry.yarnpkg.com/p-locate/-/p-locate-6.0.0.tgz#3da9a49d4934b901089dca3302fa65dc5a05c04f"
  integrity sha512-wPrq66Llhl7/4AGC6I+cqxT07LhXvWL08LNXz1fENOw0Ap4sRZZ/gZpTTJ5jpurzzzfS2W/Ge9BY3LgLjCShcw==
  dependencies:
    p-limit "^4.0.0"

p-queue@^7.4.1:
  version "7.4.1"
  resolved "https://registry.yarnpkg.com/p-queue/-/p-queue-7.4.1.tgz#7f86f853048beca8272abdbb7cec1ed2afc0f265"
  integrity sha512-vRpMXmIkYF2/1hLBKisKeVYJZ8S2tZ0zEAmIJgdVKP2nq0nh4qCdf8bgw+ZgKrkh71AOCaqzwbJJk1WtdcF3VA==
  dependencies:
    eventemitter3 "^5.0.1"
    p-timeout "^5.0.2"

p-retry@^5.1.2:
  version "5.1.2"
  resolved "https://registry.yarnpkg.com/p-retry/-/p-retry-5.1.2.tgz#c16eaee4f2016f9161d12da40d3b8b0f2e3c1b76"
  integrity sha512-couX95waDu98NfNZV+i/iLt+fdVxmI7CbrrdC2uDWfPdUAApyxT4wmDlyOtR5KtTDmkDO0zDScDjDou9YHhd9g==
  dependencies:
    "@types/retry" "0.12.1"
    retry "^0.13.1"

p-timeout@^5.0.2:
  version "5.1.0"
  resolved "https://registry.yarnpkg.com/p-timeout/-/p-timeout-5.1.0.tgz#b3c691cf4415138ce2d9cfe071dba11f0fee085b"
  integrity sha512-auFDyzzzGZZZdHz3BtET9VEz0SE/uMEAx7uWfGPucfzEwwe/xH0iVeZibQmANYE/hp9T2+UUZT5m+BKyrDp3Ew==

path-exists@^5.0.0:
  version "5.0.0"
  resolved "https://registry.yarnpkg.com/path-exists/-/path-exists-5.0.0.tgz#a6aad9489200b21fab31e49cf09277e5116fb9e7"
  integrity sha512-RjhtfwJOxzcFmNOi6ltcbcu4Iu+FL3zEj83dk4kAS+fVpTxXLO1b38RvJgT/0QwvV/L3aY9TAnyv0EOqW4GoMQ==

path-key@^3.1.0:
  version "3.1.1"
  resolved "https://registry.yarnpkg.com/path-key/-/path-key-3.1.1.tgz#581f6ade658cbba65a0d3380de7753295054f375"
  integrity sha512-ojmeN0qd+y0jszEtoY48r0Peq5dwMEkIlCOu6Q5f41lfkswXuKtYrhgoTpLnyIcHm24Uhqx+5Tqm2InSwLhE6Q==

path-key@^4.0.0:
  version "4.0.0"
  resolved "https://registry.yarnpkg.com/path-key/-/path-key-4.0.0.tgz#295588dc3aee64154f877adb9d780b81c554bf18"
  integrity sha512-haREypq7xkM7ErfgIyA0z+Bj4AGKlMSdlQE2jvJo6huWD1EdkKYV+G/T4nq0YEF2vgTT8kqMFKo1uHn950r4SQ==

postgres@^3.3.5:
  version "3.4.4"
  resolved "https://registry.yarnpkg.com/postgres/-/postgres-3.4.4.tgz#adbe08dc1fff0dea3559aa4f83ded70a289a6cb8"
  integrity sha512-IbyN+9KslkqcXa8AO9fxpk97PA4pzewvpi2B3Dwy9u4zpV32QicaEdgmF3eSQUzdRk7ttDHQejNgAEr4XoeH4A==

prettier-plugin-solidity@1.3.1:
  version "1.3.1"
  resolved "https://registry.yarnpkg.com/prettier-plugin-solidity/-/prettier-plugin-solidity-1.3.1.tgz#59944d3155b249f7f234dee29f433524b9a4abcf"
  integrity sha512-MN4OP5I2gHAzHZG1wcuJl0FsLS3c4Cc5494bbg+6oQWBPuEamjwDvmGfFMZ6NFzsh3Efd9UUxeT7ImgjNH4ozA==
  dependencies:
    "@solidity-parser/parser" "^0.17.0"
    semver "^7.5.4"
    solidity-comments-extractor "^0.0.8"

prettier@3.2.5:
  version "3.2.5"
  resolved "https://registry.yarnpkg.com/prettier/-/prettier-3.2.5.tgz#e52bc3090586e824964a8813b09aba6233b28368"
  integrity sha512-3/GWa9aOC0YeD7LUfvOG2NiDyhOWRvt1k+rcKhOuYnMY24iiCphgneUfJDyFXd6rZCAnuLBv6UeAULtrhT/F4A==

proxy-deep@^3.1.1:
  version "3.1.1"
  resolved "https://registry.yarnpkg.com/proxy-deep/-/proxy-deep-3.1.1.tgz#481f8e35f528ec734c41eae3b391e317599a5282"
  integrity sha512-kppbvLUNJ4IOMZds9/4gz/rtT5OFiesy3XosLsgMKlF3vb6GA5Y3ptyDlzKLcOcUBW+zaY+RiMINTsgE+O6e+Q==

retry@^0.13.1:
  version "0.13.1"
  resolved "https://registry.yarnpkg.com/retry/-/retry-0.13.1.tgz#185b1587acf67919d63b357349e03537b2484658"
  integrity sha512-XQBQ3I8W1Cge0Seh+6gjj03LbmRFWuoszgK9ooCpwYIrhhoO80pfq4cUkU5DkknwfOfFteRwlZ56PYOGYyFWdg==

rxjs@7.5.5:
  version "7.5.5"
  resolved "https://registry.yarnpkg.com/rxjs/-/rxjs-7.5.5.tgz#2ebad89af0f560f460ad5cc4213219e1f7dd4e9f"
  integrity sha512-sy+H0pQofO95VDmFLzyaw9xNJU4KTRSwQIGM6+iG3SypAtCiLDzpeG8sJrNCWn2Up9km+KhkvTdbkrdy+yzZdw==
  dependencies:
    tslib "^2.1.0"

semver@^7.5.4:
  version "7.6.2"
  resolved "https://registry.yarnpkg.com/semver/-/semver-7.6.2.tgz#1e3b34759f896e8f14d6134732ce798aeb0c6e13"
  integrity sha512-FNAIBWCx9qcRhoHcgcJ0gvU7SN1lYU2ZXuSfl04bSC5OpvDHFyJCjdNHomPXxjQlCBU67YW64PzY7/VIEH7F2w==

shebang-command@^2.0.0:
  version "2.0.0"
  resolved "https://registry.yarnpkg.com/shebang-command/-/shebang-command-2.0.0.tgz#ccd0af4f8835fbdc265b82461aaf0c36663f34ea"
  integrity sha512-kHxr2zZpYtdmrN1qDjrrX/Z1rR1kG8Dx+gkpK1G4eXmvXswmcE1hTWBWYUzlraYw1/yZp6YuDY77YtvbN0dmDA==
  dependencies:
    shebang-regex "^3.0.0"

shebang-regex@^3.0.0:
  version "3.0.0"
  resolved "https://registry.yarnpkg.com/shebang-regex/-/shebang-regex-3.0.0.tgz#ae16f1644d873ecad843b0307b143362d4c42172"
  integrity sha512-7++dFhtcx3353uBaq8DDR4NuxBetBzC7ZQOhmTQInHEd6bSrXdiEyzCvG07Z44UYdLShWUyXt5M/yhz8ekcb1A==

signal-exit@^3.0.7:
  version "3.0.7"
  resolved "https://registry.yarnpkg.com/signal-exit/-/signal-exit-3.0.7.tgz#a9a1767f8af84155114eaabd73f99273c8f59ad9"
  integrity sha512-wnD2ZE+l+SPC/uoS0vXeE9L1+0wuaMqKlfz9AMUo38JsyLSBWSFcHR1Rri62LZc12vLr1gb3jl7iwQhgwpAbGQ==

solidity-comments-extractor@^0.0.8:
  version "0.0.8"
  resolved "https://registry.yarnpkg.com/solidity-comments-extractor/-/solidity-comments-extractor-0.0.8.tgz#f6e148ab0c49f30c1abcbecb8b8df01ed8e879f8"
  integrity sha512-htM7Vn6LhHreR+EglVMd2s+sZhcXAirB1Zlyrv5zBuTxieCvjfnRpd7iZk75m/u6NOlEyQ94C6TWbBn2cY7w8g==

sql.js@^1.8.0:
  version "1.10.3"
  resolved "https://registry.yarnpkg.com/sql.js/-/sql.js-1.10.3.tgz#cd05043a9e2667010cd0520180577c90df8dd990"
  integrity sha512-H46aWtQkdyjZwFQgraUruy5h/DyJBbAK3EA/WEMqiqF6PGPfKBSKBj/er3dVyYqVIoYfRf5TFM/loEjtQIrqJg==

strip-final-newline@^3.0.0:
  version "3.0.0"
  resolved "https://registry.yarnpkg.com/strip-final-newline/-/strip-final-newline-3.0.0.tgz#52894c313fbff318835280aed60ff71ebf12b8fd"
  integrity sha512-dOESqjYr96iWYylGObzd39EuNTa5VJxyvVAEm5Jnh7KGo75V43Hk1odPQkNDyXNmUR6k+gEiDVXnjB8HJ3crXw==

superjson@^1.12.4:
  version "1.13.3"
  resolved "https://registry.yarnpkg.com/superjson/-/superjson-1.13.3.tgz#3bd64046f6c0a47062850bb3180ef352a471f930"
  integrity sha512-mJiVjfd2vokfDxsQPOwJ/PtanO87LhpYY88ubI5dUB1Ab58Txbyje3+jpm+/83R/fevaq/107NNhtYBLuoTrFg==
  dependencies:
    copy-anything "^3.0.2"

tslib@2.4.0:
  version "2.4.0"
  resolved "https://registry.yarnpkg.com/tslib/-/tslib-2.4.0.tgz#7cecaa7f073ce680a05847aa77be941098f36dc3"
  integrity sha512-d6xOpEDfsi2CZVlPQzGeux8XMwLT9hssAsaPYExaQMuYskwb+x1x7J371tWlbBdWHroy99KnVB6qIkUbs5X3UQ==

tslib@^2.1.0:
  version "2.6.2"
  resolved "https://registry.yarnpkg.com/tslib/-/tslib-2.6.2.tgz#703ac29425e7b37cd6fd456e92404d46d1f3e4ae"
  integrity sha512-AEYxH93jGFPn/a2iVAwW87VuUIkR1FVUKB77NwMF7nBTDkDrrT/Hpt/IrCJ0QXhW27jTBDcf5ZY7w6RiqTMw2Q==

typescript@^5.4.5:
  version "5.4.5"
  resolved "https://registry.yarnpkg.com/typescript/-/typescript-5.4.5.tgz#42ccef2c571fdbd0f6718b1d1f5e6e5ef006f611"
  integrity sha512-vcI4UpRgg81oIRUFwR0WSIHKt11nJ7SAVlYNIu+QpqeyXP+gpQJy/Z4+F0aGxSE4MqwjyXvW/TzgkLAx2AGHwQ==

undici-types@~5.26.4:
  version "5.26.5"
  resolved "https://registry.yarnpkg.com/undici-types/-/undici-types-5.26.5.tgz#bcd539893d00b56e964fd2657a4866b221a65617"
  integrity sha512-JlCMO+ehdEIKqlFxk6IfVoAUVmgz7cU7zD/h9XZ0qzeosSHmUJVOzSQvvYSYWXkFXC+IfLKSIffhv0sVZup6pA==

use-sync-external-store@1.2.0:
  version "1.2.0"
  resolved "https://registry.yarnpkg.com/use-sync-external-store/-/use-sync-external-store-1.2.0.tgz#7dbefd6ef3fe4e767a0cf5d7287aacfb5846928a"
  integrity sha512-eEgnFxGQ1Ife9bzYs6VLi8/4X6CObHMw9Qr9tPY43iKwsPw8xE8+EFsf/2cFZ5S3esXgpWgtSCtLNS41F+sKPA==

viem@2.9.20:
  version "2.9.20"
  resolved "https://registry.yarnpkg.com/viem/-/viem-2.9.20.tgz#71c6a45d22a8150072adee3dcb7a93fff5347d16"
  integrity sha512-PHb1MrBHMrSZ8Ayuk3Y/6wUTcMbzlACQaM6AJBSv9kRKX3xYSZ/kehi+gvS0swQJeAlTQ4eZM7jsHQJNAOarmg==
  dependencies:
    "@adraffy/ens-normalize" "1.10.0"
    "@noble/curves" "1.2.0"
    "@noble/hashes" "1.3.2"
    "@scure/bip32" "1.3.2"
    "@scure/bip39" "1.2.1"
    abitype "1.0.0"
    isows "1.0.3"
    ws "8.13.0"

which@^2.0.1:
  version "2.0.2"
  resolved "https://registry.yarnpkg.com/which/-/which-2.0.2.tgz#7c6a8dd0a636a0327e10b59c9286eee93f3f51b1"
  integrity sha512-BLI3Tl1TW3Pvl70l3yq3Y64i+awpwXqsGBYWkkqMtnbXgrMD+yj7rhW0kuEDxzJaYXGjEW5ogapKNMEKNMjibA==
  dependencies:
    isexe "^2.0.0"

ws@8.13.0:
  version "8.13.0"
  resolved "https://registry.yarnpkg.com/ws/-/ws-8.13.0.tgz#9a9fb92f93cf41512a0735c8f4dd09b8a1211cd0"
  integrity sha512-x9vcZYTrFPC7aSIbj7sRCYo7L/Xb8Iy+pW0ng0wt2vCJv7M9HOMy0UoN3rr+IFC7hb7vXoqS+P9ktyLLLhO+LA==

ws@8.5.0:
  version "8.5.0"
  resolved "https://registry.yarnpkg.com/ws/-/ws-8.5.0.tgz#bfb4be96600757fe5382de12c670dab984a1ed4f"
  integrity sha512-BWX0SWVgLPzYwF8lTzEy1egjhS4S4OEAHfsO8o65WOVsrnSRGaSiUaa9e0ggGlkMTtBlmOpEXiie9RUcBO86qg==

yocto-queue@^1.0.0:
  version "1.0.0"
  resolved "https://registry.yarnpkg.com/yocto-queue/-/yocto-queue-1.0.0.tgz#7f816433fb2cbc511ec8bf7d263c3b58a1a3c251"
  integrity sha512-9bnSc/HEW2uRy67wc+T8UwauLuPJVn28jb+GtJY16iiKWyvmYJRXVT4UamsAEGQfPohgr2q4Tq0sQbQlxTfi1g==

zod-validation-error@^1.3.0:
  version "1.5.0"
  resolved "https://registry.yarnpkg.com/zod-validation-error/-/zod-validation-error-1.5.0.tgz#2b355007a1c3b7fb04fa476bfad4e7b3fd5491e3"
  integrity sha512-/7eFkAI4qV0tcxMBB/3+d2c1P6jzzZYdYSlBuAklzMuCrJu5bzJfHS0yVAS87dRHVlhftd6RFJDIvv03JgkSbw==

zod@^3.21.4:
  version "3.23.8"
  resolved "https://registry.yarnpkg.com/zod/-/zod-3.23.8.tgz#e37b957b5d52079769fb8097099b592f0ef4067d"
  integrity sha512-XBx9AXhXktjUqnepgTiE5flcKIYWi/rme0Eaj+5Y0lftuGBq+jyRu/md4WnuxqgP1ubdpNCsYEYPxrzVHD8d6g==

zustand@^4.3.7:
  version "4.5.2"
  resolved "https://registry.yarnpkg.com/zustand/-/zustand-4.5.2.tgz#fddbe7cac1e71d45413b3682cdb47b48034c3848"
  integrity sha512-2cN1tPkDVkwCy5ickKrI7vijSjPksFRfqS6237NzT0vqSsztTNnQdHw9mmN7uBdk3gceVXU0a+21jFzFzAc9+g==
  dependencies:
    use-sync-external-store "1.2.0"
